
Microsoft Visual Studio Solution File, Format Version 12.00
# Visual Studio Version 16
VisualStudioVersion = 16.0.31402.337
MinimumVisualStudioVersion = 10.0.40219.1
Project("{FAE04EC0-301F-11D3-BF4B-00C04F79EFBC}") = "Exerc-relacoes", "Exerc-relacoes\Exerc-relacoes.csproj", "{8A32D73D-2F88-403B-A36B-FBFBBDB37193}"
EndProject
Global
	GlobalSection(SolutionConfigurationPlatforms) = preSolution
		Debug|Any CPU = Debug|Any CPU
		Release|Any CPU = Release|Any CPU
	EndGlobalSection
	GlobalSection(ProjectConfigurationPlatforms) = postSolution
		{8A32D73D-2F88-403B-A36B-FBFBBDB37193}.Debug|Any CPU.ActiveCfg = Debug|Any CPU
		{8A32D73D-2F88-403B-A36B-FBFBBDB37193}.Debug|Any CPU.Build.0 = Debug|Any CPU
		{8A32D73D-2F88-403B-A36B-FBFBBDB37193}.Release|Any CPU.ActiveCfg = Release|Any CPU
		{8A32D73D-2F88-403B-A36B-FBFBBDB37193}.Release|Any CPU.Build.0 = Release|Any CPU
	EndGlobalSection
	GlobalSection(SolutionProperties) = preSolution
		HideSolutionNode = FALSE
	EndGlobalSection
	GlobalSection(ExtensibilityGlobals) = postSolution
		SolutionGuid = {05A1B920-7115-4C26-B4CE-F7A00BC2F22E}
	EndGlobalSection
EndGlobal
